// !$*UTF8*$!
{
	archiveVersion = 1;
	classes = {
	};
	objectVersion = 46;
	objects = {

/* Begin PBXBuildFile section */
		447C9E491D350B7300DBCED7 /* AppDelegate.swift in Sources */ = {isa = PBXBuildFile; fileRef = 447C9E481D350B7300DBCED7 /* AppDelegate.swift */; };
		447C9E4B1D350B7300DBCED7 /* ViewController.swift in Sources */ = {isa = PBXBuildFile; fileRef = 447C9E4A1D350B7300DBCED7 /* ViewController.swift */; };
		447C9E4E1D350B7300DBCED7 /* Main.storyboard in Resources */ = {isa = PBXBuildFile; fileRef = 447C9E4C1D350B7300DBCED7 /* Main.storyboard */; };
		447C9E511D350B7300DBCED7 /* Flip.xcdatamodeld in Sources */ = {isa = PBXBuildFile; fileRef = 447C9E4F1D350B7300DBCED7 /* Flip.xcdatamodeld */; };
		447C9E531D350B7300DBCED7 /* Assets.xcassets in Resources */ = {isa = PBXBuildFile; fileRef = 447C9E521D350B7300DBCED7 /* Assets.xcassets */; };
		447C9E561D350B7300DBCED7 /* LaunchScreen.storyboard in Resources */ = {isa = PBXBuildFile; fileRef = 447C9E541D350B7300DBCED7 /* LaunchScreen.storyboard */; };
		447C9E611D350B7300DBCED7 /* FlipTests.swift in Sources */ = {isa = PBXBuildFile; fileRef = 447C9E601D350B7300DBCED7 /* FlipTests.swift */; };
		447C9E6C1D350B7300DBCED7 /* FlipUITests.swift in Sources */ = {isa = PBXBuildFile; fileRef = 447C9E6B1D350B7300DBCED7 /* FlipUITests.swift */; };
/* End PBXBuildFile section */

/* Begin PBXContainerItemProxy section */
		447C9E5D1D350B7300DBCED7 /* PBXContainerItemProxy */ = {
			isa = PBXContainerItemProxy;
			containerPortal = 447C9E3D1D350B7300DBCED7 /* Project object */;
			proxyType = 1;
			remoteGlobalIDString = 447C9E441D350B7300DBCED7;
			remoteInfo = Flip;
		};
		447C9E681D350B7300DBCED7 /* PBXContainerItemProxy */ = {
			isa = PBXContainerItemProxy;
			containerPortal = 447C9E3D1D350B7300DBCED7 /* Project object */;
			proxyType = 1;
			remoteGlobalIDString = 447C9E441D350B7300DBCED7;
			remoteInfo = Flip;
		};
/* End PBXContainerItemProxy section */

/* Begin PBXFileReference section */
		447C9E451D350B7300DBCED7 /* Flip.app */ = {isa = PBXFileReference; explicitFileType = wrapper.application; includeInIndex = 0; path = Flip.app; sourceTree = BUILT_PRODUCTS_DIR; };
		447C9E481D350B7300DBCED7 /* AppDelegate.swift */ = {isa = PBXFileReference; lastKnownFileType = sourcecode.swift; path = AppDelegate.swift; sourceTree = "<group>"; };
		447C9E4A1D350B7300DBCED7 /* ViewController.swift */ = {isa = PBXFileReference; lastKnownFileType = sourcecode.swift; path = ViewController.swift; sourceTree = "<group>"; };
		447C9E4D1D350B7300DBCED7 /* Base */ = {isa = PBXFileReference; lastKnownFileType = file.storyboard; name = Base; path = Base.lproj/Main.storyboard; sourceTree = "<group>"; };
		447C9E501D350B7300DBCED7 /* Flip.xcdatamodel */ = {isa = PBXFileReference; lastKnownFileType = wrapper.xcdatamodel; path = Flip.xcdatamodel; sourceTree = "<group>"; };
		447C9E521D350B7300DBCED7 /* Assets.xcassets */ = {isa = PBXFileReference; lastKnownFileType = folder.assetcatalog; path = Assets.xcassets; sourceTree = "<group>"; };
		447C9E551D350B7300DBCED7 /* Base */ = {isa = PBXFileReference; lastKnownFileType = file.storyboard; name = Base; path = Base.lproj/LaunchScreen.storyboard; sourceTree = "<group>"; };
		447C9E571D350B7300DBCED7 /* Info.plist */ = {isa = PBXFileReference; lastKnownFileType = text.plist.xml; path = Info.plist; sourceTree = "<group>"; };
		447C9E5C1D350B7300DBCED7 /* FlipTests.xctest */ = {isa = PBXFileReference; explicitFileType = wrapper.cfbundle; includeInIndex = 0; path = FlipTests.xctest; sourceTree = BUILT_PRODUCTS_DIR; };
		447C9E601D350B7300DBCED7 /* FlipTests.swift */ = {isa = PBXFileReference; lastKnownFileType = sourcecode.swift; path = FlipTests.swift; sourceTree = "<group>"; };
		447C9E621D350B7300DBCED7 /* Info.plist */ = {isa = PBXFileReference; lastKnownFileType = text.plist.xml; path = Info.plist; sourceTree = "<group>"; };
		447C9E671D350B7300DBCED7 /* FlipUITests.xctest */ = {isa = PBXFileReference; explicitFileType = wrapper.cfbundle; includeInIndex = 0; path = FlipUITests.xctest; sourceTree = BUILT_PRODUCTS_DIR; };
		447C9E6B1D350B7300DBCED7 /* FlipUITests.swift */ = {isa = PBXFileReference; lastKnownFileType = sourcecode.swift; path = FlipUITests.swift; sourceTree = "<group>"; };
		447C9E6D1D350B7300DBCED7 /* Info.plist */ = {isa = PBXFileReference; lastKnownFileType = text.plist.xml; path = Info.plist; sourceTree = "<group>"; };
/* End PBXFileReference section */

/* Begin PBXFrameworksBuildPhase section */
		447C9E421D350B7300DBCED7 /* Frameworks */ = {
			isa = PBXFrameworksBuildPhase;
			buildActionMask = 2147483647;
			files = (
			);
			runOnlyForDeploymentPostprocessing = 0;
		};
		447C9E591D350B7300DBCED7 /* Frameworks */ = {
			isa = PBXFrameworksBuildPhase;
			buildActionMask = 2147483647;
			files = (
			);
			runOnlyForDeploymentPostprocessing = 0;
		};
		447C9E641D350B7300DBCED7 /* Frameworks */ = {
			isa = PBXFrameworksBuildPhase;
			buildActionMask = 2147483647;
			files = (
			);
			runOnlyForDeploymentPostprocessing = 0;
		};
/* End PBXFrameworksBuildPhase section */

/* Begin PBXGroup section */
		447C9E3C1D350B7300DBCED7 = {
			isa = PBXGroup;
			children = (
				447C9E471D350B7300DBCED7 /* Flip */,
				447C9E5F1D350B7300DBCED7 /* FlipTests */,
				447C9E6A1D350B7300DBCED7 /* FlipUITests */,
				447C9E461D350B7300DBCED7 /* Products */,
			);
			sourceTree = "<group>";
		};
		447C9E461D350B7300DBCED7 /* Products */ = {
			isa = PBXGroup;
			children = (
				447C9E451D350B7300DBCED7 /* Flip.app */,
				447C9E5C1D350B7300DBCED7 /* FlipTests.xctest */,
				447C9E671D350B7300DBCED7 /* FlipUITests.xctest */,
			);
			name = Products;
			sourceTree = "<group>";
		};
		447C9E471D350B7300DBCED7 /* Flip */ = {
			isa = PBXGroup;
			children = (
				447C9E481D350B7300DBCED7 /* AppDelegate.swift */,
				447C9E4A1D350B7300DBCED7 /* ViewController.swift */,
				447C9E4C1D350B7300DBCED7 /* Main.storyboard */,
				447C9E521D350B7300DBCED7 /* Assets.xcassets */,
				447C9E541D350B7300DBCED7 /* LaunchScreen.storyboard */,
				447C9E571D350B7300DBCED7 /* Info.plist */,
				447C9E4F1D350B7300DBCED7 /* Flip.xcdatamodeld */,
			);
			path = Flip;
			sourceTree = "<group>";
		};
		447C9E5F1D350B7300DBCED7 /* FlipTests */ = {
			isa = PBXGroup;
			children = (
				447C9E601D350B7300DBCED7 /* FlipTests.swift */,
				447C9E621D350B7300DBCED7 /* Info.plist */,
			);
			path = FlipTests;
			sourceTree = "<group>";
		};
		447C9E6A1D350B7300DBCED7 /* FlipUITests */ = {
			isa = PBXGroup;
			children = (
				447C9E6B1D350B7300DBCED7 /* FlipUITests.swift */,
				447C9E6D1D350B7300DBCED7 /* Info.plist */,
			);
			path = FlipUITests;
			sourceTree = "<group>";
		};
/* End PBXGroup section */

/* Begin PBXNativeTarget section */
		447C9E441D350B7300DBCED7 /* Flip */ = {
			isa = PBXNativeTarget;
			buildConfigurationList = 447C9E701D350B7300DBCED7 /* Build configuration list for PBXNativeTarget "Flip" */;
			buildPhases = (
				447C9E411D350B7300DBCED7 /* Sources */,
				447C9E421D350B7300DBCED7 /* Frameworks */,
				447C9E431D350B7300DBCED7 /* Resources */,
			);
			buildRules = (
			);
			dependencies = (
			);
			name = Flip;
			productName = Flip;
			productReference = 447C9E451D350B7300DBCED7 /* Flip.app */;
			productType = "com.apple.product-type.application";
		};
		447C9E5B1D350B7300DBCED7 /* FlipTests */ = {
			isa = PBXNativeTarget;
			buildConfigurationList = 447C9E731D350B7300DBCED7 /* Build configuration list for PBXNativeTarget "FlipTests" */;
			buildPhases = (
				447C9E581D350B7300DBCED7 /* Sources */,
				447C9E591D350B7300DBCED7 /* Frameworks */,
				447C9E5A1D350B7300DBCED7 /* Resources */,
			);
			buildRules = (
			);
			dependencies = (
				447C9E5E1D350B7300DBCED7 /* PBXTargetDependency */,
			);
			name = FlipTests;
			productName = FlipTests;
			productReference = 447C9E5C1D350B7300DBCED7 /* FlipTests.xctest */;
			productType = "com.apple.product-type.bundle.unit-test";
		};
		447C9E661D350B7300DBCED7 /* FlipUITests */ = {
			isa = PBXNativeTarget;
			buildConfigurationList = 447C9E761D350B7300DBCED7 /* Build configuration list for PBXNativeTarget "FlipUITests" */;
			buildPhases = (
				447C9E631D350B7300DBCED7 /* Sources */,
				447C9E641D350B7300DBCED7 /* Frameworks */,
				447C9E651D350B7300DBCED7 /* Resources */,
			);
			buildRules = (
			);
			dependencies = (
				447C9E691D350B7300DBCED7 /* PBXTargetDependency */,
			);
			name = FlipUITests;
			productName = FlipUITests;
			productReference = 447C9E671D350B7300DBCED7 /* FlipUITests.xctest */;
			productType = "com.apple.product-type.bundle.ui-testing";
		};
/* End PBXNativeTarget section */

/* Begin PBXProject section */
		447C9E3D1D350B7300DBCED7 /* Project object */ = {
			isa = PBXProject;
			attributes = {
				LastSwiftUpdateCheck = 0730;
				LastUpgradeCheck = 0730;
				ORGANIZATIONNAME = "Mahiti Infotech";
				TargetAttributes = {
					447C9E441D350B7300DBCED7 = {
						CreatedOnToolsVersion = 7.3;
					};
					447C9E5B1D350B7300DBCED7 = {
						CreatedOnToolsVersion = 7.3;
						TestTargetID = 447C9E441D350B7300DBCED7;
					};
					447C9E661D350B7300DBCED7 = {
						CreatedOnToolsVersion = 7.3;
						TestTargetID = 447C9E441D350B7300DBCED7;
					};
				};
			};
			buildConfigurationList = 447C9E401D350B7300DBCED7 /* Build configuration list for PBXProject "Flip" */;
			compatibilityVersion = "Xcode 3.2";
			developmentRegion = English;
			hasScannedForEncodings = 0;
			knownRegions = (
				en,
				Base,
			);
			mainGroup = 447C9E3C1D350B7300DBCED7;
			productRefGroup = 447C9E461D350B7300DBCED7 /* Products */;
			projectDirPath = "";
			projectRoot = "";
			targets = (
				447C9E441D350B7300DBCED7 /* Flip */,
				447C9E5B1D350B7300DBCED7 /* FlipTests */,
				447C9E661D350B7300DBCED7 /* FlipUITests */,
			);
		};
/* End PBXProject section */

/* Begin PBXResourcesBuildPhase section */
		447C9E431D350B7300DBCED7 /* Resources */ = {
			isa = PBXResourcesBuildPhase;
			buildActionMask = 2147483647;
			files = (
				447C9E561D350B7300DBCED7 /* LaunchScreen.storyboard in Resources */,
				447C9E531D350B7300DBCED7 /* Assets.xcassets in Resources */,
				447C9E4E1D350B7300DBCED7 /* Main.storyboard in Resources */,
			);
			runOnlyForDeploymentPostprocessing = 0;
		};
		447C9E5A1D350B7300DBCED7 /* Resources */ = {
			isa = PBXResourcesBuildPhase;
			buildActionMask = 2147483647;
			files = (
			);
			runOnlyForDeploymentPostprocessing = 0;
		};
		447C9E651D350B7300DBCED7 /* Resources */ = {
			isa = PBXResourcesBuildPhase;
			buildActionMask = 2147483647;
			files = (
			);
			runOnlyForDeploymentPostprocessing = 0;
		};
/* End PBXResourcesBuildPhase section */

/* Begin PBXSourcesBuildPhase section */
		447C9E411D350B7300DBCED7 /* Sources */ = {
			isa = PBXSourcesBuildPhase;
			buildActionMask = 2147483647;
			files = (
				447C9E4B1D350B7300DBCED7 /* ViewController.swift in Sources */,
				447C9E491D350B7300DBCED7 /* AppDelegate.swift in Sources */,
				447C9E511D350B7300DBCED7 /* Flip.xcdatamodeld in Sources */,
			);
			runOnlyForDeploymentPostprocessing = 0;
		};
		447C9E581D350B7300DBCED7 /* Sources */ = {
			isa = PBXSourcesBuildPhase;
			buildActionMask = 2147483647;
			files = (
				447C9E611D350B7300DBCED7 /* FlipTests.swift in Sources */,
			);
			runOnlyForDeploymentPostprocessing = 0;
		};
		447C9E631D350B7300DBCED7 /* Sources */ = {
			isa = PBXSourcesBuildPhase;
			buildActionMask = 2147483647;
			files = (
				447C9E6C1D350B7300DBCED7 /* FlipUITests.swift in Sources */,
			);
			runOnlyForDeploymentPostprocessing = 0;
		};
/* End PBXSourcesBuildPhase section */

/* Begin PBXTargetDependency section */
		447C9E5E1D350B7300DBCED7 /* PBXTargetDependency */ = {
			isa = PBXTargetDependency;
			target = 447C9E441D350B7300DBCED7 /* Flip */;
			targetProxy = 447C9E5D1D350B7300DBCED7 /* PBXContainerItemProxy */;
		};
		447C9E691D350B7300DBCED7 /* PBXTargetDependency */ = {
			isa = PBXTargetDependency;
			target = 447C9E441D350B7300DBCED7 /* Flip */;
			targetProxy = 447C9E681D350B7300DBCED7 /* PBXContainerItemProxy */;
		};
/* End PBXTargetDependency section */

/* Begin PBXVariantGroup section */
		447C9E4C1D350B7300DBCED7 /* Main.storyboard */ = {
			isa = PBXVariantGroup;
			children = (
				447C9E4D1D350B7300DBCED7 /* Base */,
			);
			name = Main.storyboard;
			sourceTree = "<group>";
		};
		447C9E541D350B7300DBCED7 /* LaunchScreen.storyboard */ = {
			isa = PBXVariantGroup;
			children = (
				447C9E551D350B7300DBCED7 /* Base */,
			);
			name = LaunchScreen.storyboard;
			sourceTree = "<group>";
		};
/* End PBXVariantGroup section */

/* Begin XCBuildConfiguration section */
		447C9E6E1D350B7300DBCED7 /* Debug */ = {
			isa = XCBuildConfiguration;
			buildSettings = {
				ALWAYS_SEARCH_USER_PATHS = NO;
				CLANG_ANALYZER_NONNULL = YES;
				CLANG_CXX_LANGUAGE_STANDARD = "gnu++0x";
				CLANG_CXX_LIBRARY = "libc++";
				CLANG_ENABLE_MODULES = YES;
				CLANG_ENABLE_OBJC_ARC = YES;
				CLANG_WARN_BOOL_CONVERSION = YES;
				CLANG_WARN_CONSTANT_CONVERSION = YES;
				CLANG_WARN_DIRECT_OBJC_ISA_USAGE = YES_ERROR;
				CLANG_WARN_EMPTY_BODY = YES;
				CLANG_WARN_ENUM_CONVERSION = YES;
				CLANG_WARN_INT_CONVERSION = YES;
				CLANG_WARN_OBJC_ROOT_CLASS = YES_ERROR;
				CLANG_WARN_UNREACHABLE_CODE = YES;
				CLANG_WARN__DUPLICATE_METHOD_MATCH = YES;
				"CODE_SIGN_IDENTITY[sdk=iphoneos*]" = "iPhone Developer";
				COPY_PHASE_STRIP = NO;
				DEBUG_INFORMATION_FORMAT = dwarf;
				ENABLE_STRICT_OBJC_MSGSEND = YES;
				ENABLE_TESTABILITY = YES;
				GCC_C_LANGUAGE_STANDARD = gnu99;
				GCC_DYNAMIC_NO_PIC = NO;
				GCC_NO_COMMON_BLOCKS = YES;
				GCC_OPTIMIZATION_LEVEL = 0;
				GCC_PREPROCESSOR_DEFINITIONS = (
					"DEBUG=1",
					"$(inherited)",
				);
				GCC_WARN_64_TO_32_BIT_CONVERSION = YES;
				GCC_WARN_ABOUT_RETURN_TYPE = YES_ERROR;
				GCC_WARN_UNDECLARED_SELECTOR = YES;
				GCC_WARN_UNINITIALIZED_AUTOS = YES_AGGRESSIVE;
				GCC_WARN_UNUSED_FUNCTION = YES;
				GCC_WARN_UNUSED_VARIABLE = YES;
				IPHONEOS_DEPLOYMENT_TARGET = 9.3;
				MTL_ENABLE_DEBUG_INFO = YES;
				ONLY_ACTIVE_ARCH = YES;
				SDKROOT = iphoneos;
				SWIFT_OPTIMIZATION_LEVEL = "-Onone";
			};
			name = Debug;
		};
		447C9E6F1D350B7300DBCED7 /* Release */ = {
			isa = XCBuildConfiguration;
			buildSettings = {
				ALWAYS_SEARCH_USER_PATHS = NO;
				CLANG_ANALYZER_NONNULL = YES;
				CLANG_CXX_LANGUAGE_STANDARD = "gnu++0x";
				CLANG_CXX_LIBRARY = "libc++";
				CLANG_ENABLE_MODULES = YES;
				CLANG_ENABLE_OBJC_ARC = YES;
				CLANG_WARN_BOOL_CONVERSION = YES;
				CLANG_WARN_CONSTANT_CONVERSION = YES;
				CLANG_WARN_DIRECT_OBJC_ISA_USAGE = YES_ERROR;
				CLANG_WARN_EMPTY_BODY = YES;
				CLANG_WARN_ENUM_CONVERSION = YES;
				CLANG_WARN_INT_CONVERSION = YES;
				CLANG_WARN_OBJC_ROOT_CLASS = YES_ERROR;
				CLANG_WARN_UNREACHABLE_CODE = YES;
				CLANG_WARN__DUPLICATE_METHOD_MATCH = YES;
				"CODE_SIGN_IDENTITY[sdk=iphoneos*]" = "iPhone Developer";
				COPY_PHASE_STRIP = NO;
				DEBUG_INFORMATION_FORMAT = "dwarf-with-dsym";
				ENABLE_NS_ASSERTIONS = NO;
				ENABLE_STRICT_OBJC_MSGSEND = YES;
				GCC_C_LANGUAGE_STANDARD = gnu99;
				GCC_NO_COMMON_BLOCKS = YES;
				GCC_WARN_64_TO_32_BIT_CONVERSION = YES;
				GCC_WARN_ABOUT_RETURN_TYPE = YES_ERROR;
				GCC_WARN_UNDECLARED_SELECTOR = YES;
				GCC_WARN_UNINITIALIZED_AUTOS = YES_AGGRESSIVE;
				GCC_WARN_UNUSED_FUNCTION = YES;
				GCC_WARN_UNUSED_VARIABLE = YES;
				IPHONEOS_DEPLOYMENT_TARGET = 9.3;
				MTL_ENABLE_DEBUG_INFO = NO;
				SDKROOT = iphoneos;
				VALIDATE_PRODUCT = YES;
			};
			name = Release;
		};
		447C9E711D350B7300DBCED7 /* Debug */ = {
			isa = XCBuildConfiguration;
			buildSettings = {
				ASSETCATALOG_COMPILER_APPICON_NAME = AppIcon;
				INFOPLIST_FILE = Flip/Info.plist;
				LD_RUNPATH_SEARCH_PATHS = "$(inherited) @executable_path/Frameworks";
				PRODUCT_BUNDLE_IDENTIFIER = com.mahiti.lrn.Flip;
				PRODUCT_NAME = "$(TARGET_NAME)";
			};
			name = Debug;
		};
		447C9E721D350B7300DBCED7 /* Release */ = {
			isa = XCBuildConfiguration;
			buildSettings = {
				ASSETCATALOG_COMPILER_APPICON_NAME = AppIcon;
				INFOPLIST_FILE = Flip/Info.plist;
				LD_RUNPATH_SEARCH_PATHS = "$(inherited) @executable_path/Frameworks";
				PRODUCT_BUNDLE_IDENTIFIER = com.mahiti.lrn.Flip;
				PRODUCT_NAME = "$(TARGET_NAME)";
			};
			name = Release;
		};
		447C9E741D350B7300DBCED7 /* Debug */ = {
			isa = XCBuildConfiguration;
			buildSettings = {
				BUNDLE_LOADER = "$(TEST_HOST)";
				INFOPLIST_FILE = FlipTests/Info.plist;
				LD_RUNPATH_SEARCH_PATHS = "$(inherited) @executable_path/Frameworks @loader_path/Frameworks";
				PRODUCT_BUNDLE_IDENTIFIER = com.mahiti.lrn.FlipTests;
				PRODUCT_NAME = "$(TARGET_NAME)";
				TEST_HOST = "$(BUILT_PRODUCTS_DIR)/Flip.app/Flip";
			};
			name = Debug;
		};
		447C9E751D350B7300DBCED7 /* Release */ = {
			isa = XCBuildConfiguration;
			buildSettings = {
				BUNDLE_LOADER = "$(TEST_HOST)";
				INFOPLIST_FILE = FlipTests/Info.plist;
				LD_RUNPATH_SEARCH_PATHS = "$(inherited) @executable_path/Frameworks @loader_path/Frameworks";
				PRODUCT_BUNDLE_IDENTIFIER = com.mahiti.lrn.FlipTests;
				PRODUCT_NAME = "$(TARGET_NAME)";
				TEST_HOST = "$(BUILT_PRODUCTS_DIR)/Flip.app/Flip";
			};
			name = Release;
		};
		447C9E771D350B7300DBCED7 /* Debug */ = {
			isa = XCBuildConfiguration;
			buildSettings = {
				INFOPLIST_FILE = FlipUITests/Info.plist;
				LD_RUNPATH_SEARCH_PATHS = "$(inherited) @executable_path/Frameworks @loader_path/Frameworks";
				PRODUCT_BUNDLE_IDENTIFIER = com.mahiti.lrn.FlipUITests;
				PRODUCT_NAME = "$(TARGET_NAME)";
				TEST_TARGET_NAME = Flip;
			};
			name = Debug;
		};
		447C9E781D350B7300DBCED7 /* Release */ = {
			isa = XCBuildConfiguration;
			buildSettings = {
				INFOPLIST_FILE = FlipUITests/Info.plist;
				LD_RUNPATH_SEARCH_PATHS = "$(inherited) @executable_path/Frameworks @loader_path/Frameworks";
				PRODUCT_BUNDLE_IDENTIFIER = com.mahiti.lrn.FlipUITests;
				PRODUCT_NAME = "$(TARGET_NAME)";
				TEST_TARGET_NAME = Flip;
			};
			name = Release;
		};
/* End XCBuildConfiguration section */

/* Begin XCConfigurationList section */
		447C9E401D350B7300DBCED7 /* Build configuration list for PBXProject "Flip" */ = {
			isa = XCConfigurationList;
			buildConfigurations = (
				447C9E6E1D350B7300DBCED7 /* Debug */,
				447C9E6F1D350B7300DBCED7 /* Release */,
			);
			defaultConfigurationIsVisible = 0;
			defaultConfigurationName = Release;
		};
		447C9E701D350B7300DBCED7 /* Build configuration list for PBXNativeTarget "Flip" */ = {
			isa = XCConfigurationList;
			buildConfigurations = (
				447C9E711D350B7300DBCED7 /* Debug */,
				447C9E721D350B7300DBCED7 /* Release */,
			);
			defaultConfigurationIsVisible = 0;
		};
		447C9E731D350B7300DBCED7 /* Build configuration list for PBXNativeTarget "FlipTests" */ = {
			isa = XCConfigurationList;
			buildConfigurations = (
				447C9E741D350B7300DBCED7 /* Debug */,
				447C9E751D350B7300DBCED7 /* Release */,
			);
			defaultConfigurationIsVisible = 0;
		};
		447C9E761D350B7300DBCED7 /* Build configuration list for PBXNativeTarget "FlipUITests" */ = {
			isa = XCConfigurationList;
			buildConfigurations = (
				447C9E771D350B7300DBCED7 /* Debug */,
				447C9E781D350B7300DBCED7 /* Release */,
			);
			defaultConfigurationIsVisible = 0;
		};
/* End XCConfigurationList section */

/* Begin XCVersionGroup section */
		447C9E4F1D350B7300DBCED7 /* Flip.xcdatamodeld */ = {
			isa = XCVersionGroup;
			children = (
				447C9E501D350B7300DBCED7 /* Flip.xcdatamodel */,
			);
			currentVersion = 447C9E501D350B7300DBCED7 /* Flip.xcdatamodel */;
			path = Flip.xcdatamodeld;
			sourceTree = "<group>";
			versionGroupType = wrapper.xcdatamodel;
		};
/* End XCVersionGroup section */
	};
	rootObject = 447C9E3D1D350B7300DBCED7 /* Project object */;
}
